
Microsoft Visual Studio Solution File, Format Version 12.00
# Visual Studio Version 16
VisualStudioVersion = 16.0.31702.278
MinimumVisualStudioVersion = 10.0.40219.1
Project("{888888A0-9F3D-457C-B088-3A5042F75D52}") = "ML_get_data_Restful", "ML_get_data_Restful.pyproj", "{8B709F51-1183-4092-822B-146F5C166333}"
EndProject
Global
	GlobalSection(SolutionConfigurationPlatforms) = preSolution
		Debug|Any CPU = Debug|Any CPU
		Release|Any CPU = Release|Any CPU
	EndGlobalSection
	GlobalSection(ProjectConfigurationPlatforms) = postSolution
		{8B709F51-1183-4092-822B-146F5C166333}.Debug|Any CPU.ActiveCfg = Debug|Any CPU
		{8B709F51-1183-4092-822B-146F5C166333}.Release|Any CPU.ActiveCfg = Release|Any CPU
	EndGlobalSection
	GlobalSection(SolutionProperties) = preSolution
		HideSolutionNode = FALSE
	EndGlobalSection
	GlobalSection(ExtensibilityGlobals) = postSolution
		SolutionGuid = {D6B07DA8-090F-4AC8-9181-23F62BA258B0}
	EndGlobalSection
EndGlobal
