
Microsoft Visual Studio Solution File, Format Version 12.00
# Visual Studio Version 16
VisualStudioVersion = 16.0.31702.278
MinimumVisualStudioVersion = 10.0.40219.1
Project("{888888A0-9F3D-457C-B088-3A5042F75D52}") = "ML_trainNN", "ML_trainNN.pyproj", "{79E33DFD-2584-449E-84DC-D4A83D293040}"
EndProject
Global
	GlobalSection(SolutionConfigurationPlatforms) = preSolution
		Debug|Any CPU = Debug|Any CPU
		Release|Any CPU = Release|Any CPU
	EndGlobalSection
	GlobalSection(ProjectConfigurationPlatforms) = postSolution
		{79E33DFD-2584-449E-84DC-D4A83D293040}.Debug|Any CPU.ActiveCfg = Debug|Any CPU
		{79E33DFD-2584-449E-84DC-D4A83D293040}.Release|Any CPU.ActiveCfg = Release|Any CPU
	EndGlobalSection
	GlobalSection(SolutionProperties) = preSolution
		HideSolutionNode = FALSE
	EndGlobalSection
	GlobalSection(ExtensibilityGlobals) = postSolution
		SolutionGuid = {A341F622-1946-4273-8243-78FE4E682CA8}
	EndGlobalSection
EndGlobal
