
Microsoft Visual Studio Solution File, Format Version 12.00
# Visual Studio Version 16
VisualStudioVersion = 16.0.31702.278
MinimumVisualStudioVersion = 10.0.40219.1
Project("{888888A0-9F3D-457C-B088-3A5042F75D52}") = "ML_Combine_OQMD", "ML_Combine_OQMD.pyproj", "{675FE3BB-1719-4481-B179-F0525FCDAB08}"
EndProject
Global
	GlobalSection(SolutionConfigurationPlatforms) = preSolution
		Debug|Any CPU = Debug|Any CPU
		Release|Any CPU = Release|Any CPU
	EndGlobalSection
	GlobalSection(ProjectConfigurationPlatforms) = postSolution
		{675FE3BB-1719-4481-B179-F0525FCDAB08}.Debug|Any CPU.ActiveCfg = Debug|Any CPU
		{675FE3BB-1719-4481-B179-F0525FCDAB08}.Release|Any CPU.ActiveCfg = Release|Any CPU
	EndGlobalSection
	GlobalSection(SolutionProperties) = preSolution
		HideSolutionNode = FALSE
	EndGlobalSection
	GlobalSection(ExtensibilityGlobals) = postSolution
		SolutionGuid = {0AAFD9AF-38D2-45D4-87FB-E8B2C52D682F}
	EndGlobalSection
EndGlobal
